
Microsoft Visual Studio Solution File, Format Version 12.00
# Visual Studio Version 16
VisualStudioVersion = 16.0.29806.167
MinimumVisualStudioVersion = 10.0.40219.1
Project("{2150E333-8FDC-42A3-9474-1A3956D46DE8}") = "DAL", "DAL", "{49A8F787-41E8-47C5-9CD9-AE343F7842F5}"
EndProject
Project("{9A19103F-16F7-4668-BE54-9A1E7A4F7556}") = "Core", "Core\Core.csproj", "{1C41064A-3632-4225-B6A6-53E6C8819F75}"
EndProject
Project("{2150E333-8FDC-42A3-9474-1A3956D46DE8}") = "Logic", "Logic", "{132F70CB-9F27-407B-AD3A-79AF4771D9A1}"
EndProject
Project("{9A19103F-16F7-4668-BE54-9A1E7A4F7556}") = "Settings", "Settings\Settings.csproj", "{5AD59F9E-9C95-46E2-99F1-EF087288BFEF}"
EndProject
Project("{2150E333-8FDC-42A3-9474-1A3956D46DE8}") = "IoC", "IoC", "{FEBE00CB-A73D-4D3F-B745-0001FEDBE1E7}"
EndProject
Project("{9A19103F-16F7-4668-BE54-9A1E7A4F7556}") = "IoC.Init", "IoC.Init\IoC.Init.csproj", "{9E5FDAE5-F540-4426-8E1C-7235741308E6}"
EndProject
Project("{9A19103F-16F7-4668-BE54-9A1E7A4F7556}") = "IoC.Container", "IoC.Container\IoC.Container.csproj", "{A252071C-790D-4649-8A2D-435122DD0CAF}"
EndProject
Project("{9A19103F-16F7-4668-BE54-9A1E7A4F7556}") = "Billing", "Billing\Billing.csproj", "{20D49543-1525-4E51-AD10-5F69A5B82924}"
EndProject
Project("{9A19103F-16F7-4668-BE54-9A1E7A4F7556}") = "InternalServices", "InternalServices\InternalServices.csproj", "{989B1201-5BDD-4DB3-B7E2-3C00864E9913}"
EndProject
Project("{2150E333-8FDC-42A3-9474-1A3956D46DE8}") = "Help", "Help", "{E59985C4-0C4E-4636-A76B-25A1A89F14E5}"
EndProject
Project("{9A19103F-16F7-4668-BE54-9A1E7A4F7556}") = "Serialization", "Serialization\Serialization.csproj", "{672373CD-B093-4441-A6AF-E6E12D3D1C50}"
EndProject
Project("{9A19103F-16F7-4668-BE54-9A1E7A4F7556}") = "FileHelper", "FileHelper\FileHelper.csproj", "{6D9A10E8-71D8-43BB-9942-F1E362F535A5}"
EndProject
Project("{9A19103F-16F7-4668-BE54-9A1E7A4F7556}") = "CommonExcel", "CommonExcel\CommonExcel.csproj", "{4C69B515-A797-4E91-AA96-3DCCF7E8AB04}"
EndProject
Project("{2150E333-8FDC-42A3-9474-1A3956D46DE8}") = "Tests", "Tests", "{D9CB818F-C54F-4451-AEA0-B6C5F943B7CA}"
EndProject
Project("{9A19103F-16F7-4668-BE54-9A1E7A4F7556}") = "PubSubService", "PubSubService\PubSubService.csproj", "{5E3B89B7-1AA0-48DF-9F6C-AA5AD09F884E}"
EndProject
Project("{9A19103F-16F7-4668-BE54-9A1E7A4F7556}") = "BillingTests", "BillingTests\BillingTests.csproj", "{86DCB838-6DD3-4EA3-B352-13F3B2FB4A73}"
EndProject
Project("{9A19103F-16F7-4668-BE54-9A1E7A4F7556}") = "BillingAPI", "BillingAPI\BillingAPI.csproj", "{831D0A63-FF02-4CAD-A75D-45291E6B28EA}"
EndProject
Global
	GlobalSection(SolutionConfigurationPlatforms) = preSolution
		Debug|Any CPU = Debug|Any CPU
		Release|Any CPU = Release|Any CPU
	EndGlobalSection
	GlobalSection(ProjectConfigurationPlatforms) = postSolution
		{1C41064A-3632-4225-B6A6-53E6C8819F75}.Debug|Any CPU.ActiveCfg = Debug|Any CPU
		{1C41064A-3632-4225-B6A6-53E6C8819F75}.Debug|Any CPU.Build.0 = Debug|Any CPU
		{1C41064A-3632-4225-B6A6-53E6C8819F75}.Release|Any CPU.ActiveCfg = Release|Any CPU
		{1C41064A-3632-4225-B6A6-53E6C8819F75}.Release|Any CPU.Build.0 = Release|Any CPU
		{5AD59F9E-9C95-46E2-99F1-EF087288BFEF}.Debug|Any CPU.ActiveCfg = Debug|Any CPU
		{5AD59F9E-9C95-46E2-99F1-EF087288BFEF}.Debug|Any CPU.Build.0 = Debug|Any CPU
		{5AD59F9E-9C95-46E2-99F1-EF087288BFEF}.Release|Any CPU.ActiveCfg = Release|Any CPU
		{5AD59F9E-9C95-46E2-99F1-EF087288BFEF}.Release|Any CPU.Build.0 = Release|Any CPU
		{9E5FDAE5-F540-4426-8E1C-7235741308E6}.Debug|Any CPU.ActiveCfg = Debug|Any CPU
		{9E5FDAE5-F540-4426-8E1C-7235741308E6}.Debug|Any CPU.Build.0 = Debug|Any CPU
		{9E5FDAE5-F540-4426-8E1C-7235741308E6}.Release|Any CPU.ActiveCfg = Release|Any CPU
		{9E5FDAE5-F540-4426-8E1C-7235741308E6}.Release|Any CPU.Build.0 = Release|Any CPU
		{A252071C-790D-4649-8A2D-435122DD0CAF}.Debug|Any CPU.ActiveCfg = Debug|Any CPU
		{A252071C-790D-4649-8A2D-435122DD0CAF}.Debug|Any CPU.Build.0 = Debug|Any CPU
		{A252071C-790D-4649-8A2D-435122DD0CAF}.Release|Any CPU.ActiveCfg = Release|Any CPU
		{A252071C-790D-4649-8A2D-435122DD0CAF}.Release|Any CPU.Build.0 = Release|Any CPU
		{20D49543-1525-4E51-AD10-5F69A5B82924}.Debug|Any CPU.ActiveCfg = Debug|Any CPU
		{20D49543-1525-4E51-AD10-5F69A5B82924}.Debug|Any CPU.Build.0 = Debug|Any CPU
		{20D49543-1525-4E51-AD10-5F69A5B82924}.Release|Any CPU.ActiveCfg = Release|Any CPU
		{20D49543-1525-4E51-AD10-5F69A5B82924}.Release|Any CPU.Build.0 = Release|Any CPU
		{989B1201-5BDD-4DB3-B7E2-3C00864E9913}.Debug|Any CPU.ActiveCfg = Debug|Any CPU
		{989B1201-5BDD-4DB3-B7E2-3C00864E9913}.Debug|Any CPU.Build.0 = Debug|Any CPU
		{989B1201-5BDD-4DB3-B7E2-3C00864E9913}.Release|Any CPU.ActiveCfg = Release|Any CPU
		{989B1201-5BDD-4DB3-B7E2-3C00864E9913}.Release|Any CPU.Build.0 = Release|Any CPU
		{672373CD-B093-4441-A6AF-E6E12D3D1C50}.Debug|Any CPU.ActiveCfg = Debug|Any CPU
		{672373CD-B093-4441-A6AF-E6E12D3D1C50}.Debug|Any CPU.Build.0 = Debug|Any CPU
		{672373CD-B093-4441-A6AF-E6E12D3D1C50}.Release|Any CPU.ActiveCfg = Release|Any CPU
		{672373CD-B093-4441-A6AF-E6E12D3D1C50}.Release|Any CPU.Build.0 = Release|Any CPU
		{6D9A10E8-71D8-43BB-9942-F1E362F535A5}.Debug|Any CPU.ActiveCfg = Debug|Any CPU
		{6D9A10E8-71D8-43BB-9942-F1E362F535A5}.Debug|Any CPU.Build.0 = Debug|Any CPU
		{6D9A10E8-71D8-43BB-9942-F1E362F535A5}.Release|Any CPU.ActiveCfg = Release|Any CPU
		{6D9A10E8-71D8-43BB-9942-F1E362F535A5}.Release|Any CPU.Build.0 = Release|Any CPU
		{4C69B515-A797-4E91-AA96-3DCCF7E8AB04}.Debug|Any CPU.ActiveCfg = Debug|Any CPU
		{4C69B515-A797-4E91-AA96-3DCCF7E8AB04}.Debug|Any CPU.Build.0 = Debug|Any CPU
		{4C69B515-A797-4E91-AA96-3DCCF7E8AB04}.Release|Any CPU.ActiveCfg = Release|Any CPU
		{4C69B515-A797-4E91-AA96-3DCCF7E8AB04}.Release|Any CPU.Build.0 = Release|Any CPU
		{5E3B89B7-1AA0-48DF-9F6C-AA5AD09F884E}.Debug|Any CPU.ActiveCfg = Debug|Any CPU
		{5E3B89B7-1AA0-48DF-9F6C-AA5AD09F884E}.Debug|Any CPU.Build.0 = Debug|Any CPU
		{5E3B89B7-1AA0-48DF-9F6C-AA5AD09F884E}.Release|Any CPU.ActiveCfg = Release|Any CPU
		{5E3B89B7-1AA0-48DF-9F6C-AA5AD09F884E}.Release|Any CPU.Build.0 = Release|Any CPU
		{86DCB838-6DD3-4EA3-B352-13F3B2FB4A73}.Debug|Any CPU.ActiveCfg = Debug|Any CPU
		{86DCB838-6DD3-4EA3-B352-13F3B2FB4A73}.Debug|Any CPU.Build.0 = Debug|Any CPU
		{86DCB838-6DD3-4EA3-B352-13F3B2FB4A73}.Release|Any CPU.ActiveCfg = Release|Any CPU
		{86DCB838-6DD3-4EA3-B352-13F3B2FB4A73}.Release|Any CPU.Build.0 = Release|Any CPU
		{831D0A63-FF02-4CAD-A75D-45291E6B28EA}.Debug|Any CPU.ActiveCfg = Debug|Any CPU
		{831D0A63-FF02-4CAD-A75D-45291E6B28EA}.Debug|Any CPU.Build.0 = Debug|Any CPU
		{831D0A63-FF02-4CAD-A75D-45291E6B28EA}.Release|Any CPU.ActiveCfg = Release|Any CPU
		{831D0A63-FF02-4CAD-A75D-45291E6B28EA}.Release|Any CPU.Build.0 = Release|Any CPU
	EndGlobalSection
	GlobalSection(SolutionProperties) = preSolution
		HideSolutionNode = FALSE
	EndGlobalSection
	GlobalSection(NestedProjects) = preSolution
		{1C41064A-3632-4225-B6A6-53E6C8819F75} = {49A8F787-41E8-47C5-9CD9-AE343F7842F5}
		{5AD59F9E-9C95-46E2-99F1-EF087288BFEF} = {132F70CB-9F27-407B-AD3A-79AF4771D9A1}
		{9E5FDAE5-F540-4426-8E1C-7235741308E6} = {FEBE00CB-A73D-4D3F-B745-0001FEDBE1E7}
		{A252071C-790D-4649-8A2D-435122DD0CAF} = {FEBE00CB-A73D-4D3F-B745-0001FEDBE1E7}
		{20D49543-1525-4E51-AD10-5F69A5B82924} = {132F70CB-9F27-407B-AD3A-79AF4771D9A1}
		{989B1201-5BDD-4DB3-B7E2-3C00864E9913} = {132F70CB-9F27-407B-AD3A-79AF4771D9A1}
		{672373CD-B093-4441-A6AF-E6E12D3D1C50} = {E59985C4-0C4E-4636-A76B-25A1A89F14E5}
		{6D9A10E8-71D8-43BB-9942-F1E362F535A5} = {E59985C4-0C4E-4636-A76B-25A1A89F14E5}
		{4C69B515-A797-4E91-AA96-3DCCF7E8AB04} = {49A8F787-41E8-47C5-9CD9-AE343F7842F5}
		{5E3B89B7-1AA0-48DF-9F6C-AA5AD09F884E} = {E59985C4-0C4E-4636-A76B-25A1A89F14E5}
		{86DCB838-6DD3-4EA3-B352-13F3B2FB4A73} = {D9CB818F-C54F-4451-AEA0-B6C5F943B7CA}
	EndGlobalSection
	GlobalSection(ExtensibilityGlobals) = postSolution
		SolutionGuid = {8551D21C-2AD9-4DC5-AC75-475819009E59}
	EndGlobalSection
EndGlobal
